# generated by rye
# use `rye lock` or `rye sync` to update this lockfile
#
# last locked with the following flags:
#   pre: false
#   features: []
#   all-features: false
#   with-sources: false

-e file:.
iniconfig==2.0.0
    # via pytest
lark==1.1.9
    # via lark-vba
markdown-it-py==3.0.0
    # via rich
mdurl==0.1.2
    # via markdown-it-py
packaging==24.0
    # via pytest
pluggy==1.4.0
    # via pytest
pygments==2.17.2
    # via rich
pytest==8.1.1
    # via lark-vba
rich==13.7.1
    # via lark-vba
